
Microsoft Visual Studio Solution File, Format Version 12.00
# Visual Studio Version 17
VisualStudioVersion = 17.13.35716.79
MinimumVisualStudioVersion = 10.0.40219.1
Project("{FAE04EC0-301F-11D3-BF4B-00C04F79EFBC}") = "C#Basics1", "C#Basics1\C#Basics1.csproj", "{5E9472E6-F01A-E05C-0766-FEE9F4C879F5}"
EndProject
Project("{FAE04EC0-301F-11D3-BF4B-00C04F79EFBC}") = "C#Basics2", "C#Basics2\C#Basics2.csproj", "{39B4F1C7-AB07-3040-FE81-A630E24511EE}"
EndProject
Project("{FAE04EC0-301F-11D3-BF4B-00C04F79EFBC}") = "C#Basics3", "C#Basics3\C#Basics3.csproj", "{23C2ECA0-5170-1A4C-86BA-1CAD8E6A60CB}"
EndProject
Project("{FAE04EC0-301F-11D3-BF4B-00C04F79EFBC}") = "C#Basics4", "C#Basics4\C#Basics4.csproj", "{D5C3A688-BDDE-3AAA-BA46-95EF5902F701}"
EndProject
Project("{FAE04EC0-301F-11D3-BF4B-00C04F79EFBC}") = "C#Basics5", "C#Basics5\C#Basics5.csproj", "{50F29551-6E3D-F5D9-CBD5-6A5CA60CFD8F}"
EndProject
Project("{FAE04EC0-301F-11D3-BF4B-00C04F79EFBC}") = "OOPS_Day1", "OOPS_Day1\OOPS_Day1.csproj", "{32982E13-40C8-C2F8-C2F2-2FB12403DBD4}"
EndProject
Project("{FAE04EC0-301F-11D3-BF4B-00C04F79EFBC}") = "OOPs_Day2", "OOPs_Day2\OOPs_Day2.csproj", "{BE84FD6C-33EC-C269-5BC5-461ED82C95A4}"
EndProject
Project("{FAE04EC0-301F-11D3-BF4B-00C04F79EFBC}") = "SOLID", "SOLID\SOLID.csproj", "{598DA5A6-83FA-66D0-7A6D-52221C3DE969}"
EndProject
Project("{FAE04EC0-301F-11D3-BF4B-00C04F79EFBC}") = "LINQ_Day1", "LINQ_Day1\LINQ_Day1.csproj", "{46345A6C-B257-AE62-D6C0-D37B33B7F081}"
EndProject
Project("{FAE04EC0-301F-11D3-BF4B-00C04F79EFBC}") = "LINQ_Day2", "LINQ_Day2\LINQ_Day2.csproj", "{67544287-D66F-06C0-7856-14BB64F7156E}"
EndProject
Project("{FAE04EC0-301F-11D3-BF4B-00C04F79EFBC}") = "ASP.Net Core Day1", "ASP.Net Core Day1\ASP.Net Core Day1.csproj", "{195E4C5D-0F13-65E4-745D-D12CAF22DD0C}"
EndProject
Project("{FAE04EC0-301F-11D3-BF4B-00C04F79EFBC}") = "ASP.NET Core Day2", "ASP.NET Core Day2\ASP.NET Core Day2.csproj", "{F5B41A8E-ACC4-3F6B-D99A-A98C39166C21}"
EndProject
Project("{FAE04EC0-301F-11D3-BF4B-00C04F79EFBC}") = "ASP.Net Core Day3", "ASP.Net Core Day3\ASP.Net Core Day3.csproj", "{672FB43F-613E-514C-7A3B-5817A6E98FDA}"
EndProject
Project("{FAE04EC0-301F-11D3-BF4B-00C04F79EFBC}") = "ASP.NET Core Day4", "ASP.NET Core Day4\ASP.NET Core Day4.csproj", "{1BF9183B-19A6-087C-4276-1D2EC0AAA813}"
EndProject
Project("{FAE04EC0-301F-11D3-BF4B-00C04F79EFBC}") = "ASP.NET Core Day5(JWT)", "ASP.NET Core Day5(JWT)\ASP.NET Core Day5(JWT).csproj", "{14F8987D-51AC-6F1D-8F62-CF9FA4C3866C}"
EndProject
Project("{FAE04EC0-301F-11D3-BF4B-00C04F79EFBC}") = "EFCoreDay1", "EFCoreDay1\EFCoreDay1.csproj", "{F1BA8E58-6E8A-940B-E896-FB6B0D58D4F2}"
EndProject
Global
	GlobalSection(SolutionConfigurationPlatforms) = preSolution
		Debug|Any CPU = Debug|Any CPU
		Release|Any CPU = Release|Any CPU
	EndGlobalSection
	GlobalSection(ProjectConfigurationPlatforms) = postSolution
		{5E9472E6-F01A-E05C-0766-FEE9F4C879F5}.Debug|Any CPU.ActiveCfg = Debug|Any CPU
		{5E9472E6-F01A-E05C-0766-FEE9F4C879F5}.Debug|Any CPU.Build.0 = Debug|Any CPU
		{5E9472E6-F01A-E05C-0766-FEE9F4C879F5}.Release|Any CPU.ActiveCfg = Release|Any CPU
		{5E9472E6-F01A-E05C-0766-FEE9F4C879F5}.Release|Any CPU.Build.0 = Release|Any CPU
		{39B4F1C7-AB07-3040-FE81-A630E24511EE}.Debug|Any CPU.ActiveCfg = Debug|Any CPU
		{39B4F1C7-AB07-3040-FE81-A630E24511EE}.Debug|Any CPU.Build.0 = Debug|Any CPU
		{39B4F1C7-AB07-3040-FE81-A630E24511EE}.Release|Any CPU.ActiveCfg = Release|Any CPU
		{39B4F1C7-AB07-3040-FE81-A630E24511EE}.Release|Any CPU.Build.0 = Release|Any CPU
		{23C2ECA0-5170-1A4C-86BA-1CAD8E6A60CB}.Debug|Any CPU.ActiveCfg = Debug|Any CPU
		{23C2ECA0-5170-1A4C-86BA-1CAD8E6A60CB}.Debug|Any CPU.Build.0 = Debug|Any CPU
		{23C2ECA0-5170-1A4C-86BA-1CAD8E6A60CB}.Release|Any CPU.ActiveCfg = Release|Any CPU
		{23C2ECA0-5170-1A4C-86BA-1CAD8E6A60CB}.Release|Any CPU.Build.0 = Release|Any CPU
		{D5C3A688-BDDE-3AAA-BA46-95EF5902F701}.Debug|Any CPU.ActiveCfg = Debug|Any CPU
		{D5C3A688-BDDE-3AAA-BA46-95EF5902F701}.Debug|Any CPU.Build.0 = Debug|Any CPU
		{D5C3A688-BDDE-3AAA-BA46-95EF5902F701}.Release|Any CPU.ActiveCfg = Release|Any CPU
		{D5C3A688-BDDE-3AAA-BA46-95EF5902F701}.Release|Any CPU.Build.0 = Release|Any CPU
		{50F29551-6E3D-F5D9-CBD5-6A5CA60CFD8F}.Debug|Any CPU.ActiveCfg = Debug|Any CPU
		{50F29551-6E3D-F5D9-CBD5-6A5CA60CFD8F}.Debug|Any CPU.Build.0 = Debug|Any CPU
		{50F29551-6E3D-F5D9-CBD5-6A5CA60CFD8F}.Release|Any CPU.ActiveCfg = Release|Any CPU
		{50F29551-6E3D-F5D9-CBD5-6A5CA60CFD8F}.Release|Any CPU.Build.0 = Release|Any CPU
		{32982E13-40C8-C2F8-C2F2-2FB12403DBD4}.Debug|Any CPU.ActiveCfg = Debug|Any CPU
		{32982E13-40C8-C2F8-C2F2-2FB12403DBD4}.Debug|Any CPU.Build.0 = Debug|Any CPU
		{32982E13-40C8-C2F8-C2F2-2FB12403DBD4}.Release|Any CPU.ActiveCfg = Release|Any CPU
		{32982E13-40C8-C2F8-C2F2-2FB12403DBD4}.Release|Any CPU.Build.0 = Release|Any CPU
		{BE84FD6C-33EC-C269-5BC5-461ED82C95A4}.Debug|Any CPU.ActiveCfg = Debug|Any CPU
		{BE84FD6C-33EC-C269-5BC5-461ED82C95A4}.Debug|Any CPU.Build.0 = Debug|Any CPU
		{BE84FD6C-33EC-C269-5BC5-461ED82C95A4}.Release|Any CPU.ActiveCfg = Release|Any CPU
		{BE84FD6C-33EC-C269-5BC5-461ED82C95A4}.Release|Any CPU.Build.0 = Release|Any CPU
		{598DA5A6-83FA-66D0-7A6D-52221C3DE969}.Debug|Any CPU.ActiveCfg = Debug|Any CPU
		{598DA5A6-83FA-66D0-7A6D-52221C3DE969}.Debug|Any CPU.Build.0 = Debug|Any CPU
		{598DA5A6-83FA-66D0-7A6D-52221C3DE969}.Release|Any CPU.ActiveCfg = Release|Any CPU
		{598DA5A6-83FA-66D0-7A6D-52221C3DE969}.Release|Any CPU.Build.0 = Release|Any CPU
		{46345A6C-B257-AE62-D6C0-D37B33B7F081}.Debug|Any CPU.ActiveCfg = Debug|Any CPU
		{46345A6C-B257-AE62-D6C0-D37B33B7F081}.Debug|Any CPU.Build.0 = Debug|Any CPU
		{46345A6C-B257-AE62-D6C0-D37B33B7F081}.Release|Any CPU.ActiveCfg = Release|Any CPU
		{46345A6C-B257-AE62-D6C0-D37B33B7F081}.Release|Any CPU.Build.0 = Release|Any CPU
		{67544287-D66F-06C0-7856-14BB64F7156E}.Debug|Any CPU.ActiveCfg = Debug|Any CPU
		{67544287-D66F-06C0-7856-14BB64F7156E}.Debug|Any CPU.Build.0 = Debug|Any CPU
		{67544287-D66F-06C0-7856-14BB64F7156E}.Release|Any CPU.ActiveCfg = Release|Any CPU
		{67544287-D66F-06C0-7856-14BB64F7156E}.Release|Any CPU.Build.0 = Release|Any CPU
		{195E4C5D-0F13-65E4-745D-D12CAF22DD0C}.Debug|Any CPU.ActiveCfg = Debug|Any CPU
		{195E4C5D-0F13-65E4-745D-D12CAF22DD0C}.Debug|Any CPU.Build.0 = Debug|Any CPU
		{195E4C5D-0F13-65E4-745D-D12CAF22DD0C}.Release|Any CPU.ActiveCfg = Release|Any CPU
		{195E4C5D-0F13-65E4-745D-D12CAF22DD0C}.Release|Any CPU.Build.0 = Release|Any CPU
		{F5B41A8E-ACC4-3F6B-D99A-A98C39166C21}.Debug|Any CPU.ActiveCfg = Debug|Any CPU
		{F5B41A8E-ACC4-3F6B-D99A-A98C39166C21}.Debug|Any CPU.Build.0 = Debug|Any CPU
		{F5B41A8E-ACC4-3F6B-D99A-A98C39166C21}.Release|Any CPU.ActiveCfg = Release|Any CPU
		{F5B41A8E-ACC4-3F6B-D99A-A98C39166C21}.Release|Any CPU.Build.0 = Release|Any CPU
		{672FB43F-613E-514C-7A3B-5817A6E98FDA}.Debug|Any CPU.ActiveCfg = Debug|Any CPU
		{672FB43F-613E-514C-7A3B-5817A6E98FDA}.Debug|Any CPU.Build.0 = Debug|Any CPU
		{672FB43F-613E-514C-7A3B-5817A6E98FDA}.Release|Any CPU.ActiveCfg = Release|Any CPU
		{672FB43F-613E-514C-7A3B-5817A6E98FDA}.Release|Any CPU.Build.0 = Release|Any CPU
		{1BF9183B-19A6-087C-4276-1D2EC0AAA813}.Debug|Any CPU.ActiveCfg = Debug|Any CPU
		{1BF9183B-19A6-087C-4276-1D2EC0AAA813}.Debug|Any CPU.Build.0 = Debug|Any CPU
		{1BF9183B-19A6-087C-4276-1D2EC0AAA813}.Release|Any CPU.ActiveCfg = Release|Any CPU
		{1BF9183B-19A6-087C-4276-1D2EC0AAA813}.Release|Any CPU.Build.0 = Release|Any CPU
		{14F8987D-51AC-6F1D-8F62-CF9FA4C3866C}.Debug|Any CPU.ActiveCfg = Debug|Any CPU
		{14F8987D-51AC-6F1D-8F62-CF9FA4C3866C}.Debug|Any CPU.Build.0 = Debug|Any CPU
		{14F8987D-51AC-6F1D-8F62-CF9FA4C3866C}.Release|Any CPU.ActiveCfg = Release|Any CPU
		{14F8987D-51AC-6F1D-8F62-CF9FA4C3866C}.Release|Any CPU.Build.0 = Release|Any CPU
		{F1BA8E58-6E8A-940B-E896-FB6B0D58D4F2}.Debug|Any CPU.ActiveCfg = Debug|Any CPU
		{F1BA8E58-6E8A-940B-E896-FB6B0D58D4F2}.Debug|Any CPU.Build.0 = Debug|Any CPU
		{F1BA8E58-6E8A-940B-E896-FB6B0D58D4F2}.Release|Any CPU.ActiveCfg = Release|Any CPU
		{F1BA8E58-6E8A-940B-E896-FB6B0D58D4F2}.Release|Any CPU.Build.0 = Release|Any CPU
	EndGlobalSection
	GlobalSection(SolutionProperties) = preSolution
		HideSolutionNode = FALSE
	EndGlobalSection
	GlobalSection(ExtensibilityGlobals) = postSolution
		SolutionGuid = {2B454299-C50D-43E7-8526-C05EB14E692A}
	EndGlobalSection
EndGlobal
